
Microsoft Visual Studio Solution File, Format Version 12.00
# Visual Studio Version 16
VisualStudioVersion = 16.0.29905.134
MinimumVisualStudioVersion = 10.0.40219.1
Project("{8BC9CEB8-8B4A-11D0-8D11-00A0C91BC942}") = "c++_bj_3052", "c++_bj_3052\c++_bj_3052.vcxproj", "{FFA93F47-2738-4DD8-9468-0F6DEBF19E96}"
EndProject
Global
	GlobalSection(SolutionConfigurationPlatforms) = preSolution
		Debug|x64 = Debug|x64
		Debug|x86 = Debug|x86
		Release|x64 = Release|x64
		Release|x86 = Release|x86
	EndGlobalSection
	GlobalSection(ProjectConfigurationPlatforms) = postSolution
		{FFA93F47-2738-4DD8-9468-0F6DEBF19E96}.Debug|x64.ActiveCfg = Debug|x64
		{FFA93F47-2738-4DD8-9468-0F6DEBF19E96}.Debug|x64.Build.0 = Debug|x64
		{FFA93F47-2738-4DD8-9468-0F6DEBF19E96}.Debug|x86.ActiveCfg = Debug|Win32
		{FFA93F47-2738-4DD8-9468-0F6DEBF19E96}.Debug|x86.Build.0 = Debug|Win32
		{FFA93F47-2738-4DD8-9468-0F6DEBF19E96}.Release|x64.ActiveCfg = Release|x64
		{FFA93F47-2738-4DD8-9468-0F6DEBF19E96}.Release|x64.Build.0 = Release|x64
		{FFA93F47-2738-4DD8-9468-0F6DEBF19E96}.Release|x86.ActiveCfg = Release|Win32
		{FFA93F47-2738-4DD8-9468-0F6DEBF19E96}.Release|x86.Build.0 = Release|Win32
	EndGlobalSection
	GlobalSection(SolutionProperties) = preSolution
		HideSolutionNode = FALSE
	EndGlobalSection
	GlobalSection(ExtensibilityGlobals) = postSolution
		SolutionGuid = {99DB4FF9-9138-46B6-9239-69F3DB9BEA8F}
	EndGlobalSection
EndGlobal
